
Microsoft Visual Studio Solution File, Format Version 12.00
# Visual Studio Version 16
VisualStudioVersion = 16.0.29609.76
MinimumVisualStudioVersion = 10.0.40219.1
Project("{9A19103F-16F7-4668-BE54-9A1E7A4F7556}") = "EAU.Web.Portal.App", "EAU.Web.Portal.App\EAU.Web.Portal.App.csproj", "{DC5D2AF9-159D-4AE2-9D73-F787E828B28A}"
EndProject
Project("{9A19103F-16F7-4668-BE54-9A1E7A4F7556}") = "EAU.Web.Admin.App", "EAU.Web.Admin.App\EAU.Web.Admin.App.csproj", "{6F20B4E8-CD1D-4062-9486-D04F99268C3A}"
EndProject
Project("{9A19103F-16F7-4668-BE54-9A1E7A4F7556}") = "EAU.Web.EDocViewer.App", "EAU.Web.EDocViewer.App\EAU.Web.EDocViewer.App.csproj", "{7824D4D5-346E-46E5-ADAA-460D193AE381}"
EndProject
Project("{9A19103F-16F7-4668-BE54-9A1E7A4F7556}") = "EAU", "EAU\EAU.csproj", "{1DEF618E-A212-4884-9402-803D0017D868}"
EndProject
Project("{9A19103F-16F7-4668-BE54-9A1E7A4F7556}") = "EAU.Core", "EAU.Core\EAU.Core.csproj", "{E947C732-9E17-4290-B4DD-AD914BDA6C9A}"
EndProject
Project("{2150E333-8FDC-42A3-9474-1A3956D46DE8}") = "Documents", "Documents", "{AB992720-87C5-4895-8DE5-B0E788E4FB43}"
EndProject
Project("{9A19103F-16F7-4668-BE54-9A1E7A4F7556}") = "EAU.Documents", "Documents\EAU.Documents\EAU.Documents.csproj", "{5A2AFF83-B7D2-40E7-8B21-3DFCF446EE9E}"
EndProject
Project("{9A19103F-16F7-4668-BE54-9A1E7A4F7556}") = "EAU.BDS.Documents.Domain", "Documents\EAU.BDS.Documents.Domain\EAU.BDS.Documents.Domain.csproj", "{C20D713A-D615-4ECC-9D00-E5A0832A6AE3}"
EndProject
Project("{9A19103F-16F7-4668-BE54-9A1E7A4F7556}") = "EAU.Web.Core", "EAU.Web.Core\EAU.Web.Core.csproj", "{5BD65DE0-1012-4AD8-9A08-F478650903FD}"
EndProject
Project("{9A19103F-16F7-4668-BE54-9A1E7A4F7556}") = "EAU.COD.Documents.Domain", "Documents\EAU.COD.Documents.Domain\EAU.COD.Documents.Domain.csproj", "{9E4B040D-3A85-4E90-8AEB-A259E2C4D64C}"
EndProject
Project("{9A19103F-16F7-4668-BE54-9A1E7A4F7556}") = "EAU.KAT.Documents.Domain", "Documents\EAU.KAT.Documents.Domain\EAU.KAT.Documents.Domain.csproj", "{AB58F725-D88F-4BBC-AC4A-F8BA0AE3EAF2}"
EndProject
Project("{9A19103F-16F7-4668-BE54-9A1E7A4F7556}") = "EAU.Documents.Domain", "Documents\EAU.Documents.Domain\EAU.Documents.Domain.csproj", "{319DE56C-79B4-451B-BA7B-81B1396C6B14}"
EndProject
Project("{9A19103F-16F7-4668-BE54-9A1E7A4F7556}") = "EAU.KAT.Documents", "Documents\EAU.KAT.Documents\EAU.KAT.Documents.csproj", "{766C3A2E-EE2E-449F-9E97-C5C830E30AFA}"
EndProject
Project("{9A19103F-16F7-4668-BE54-9A1E7A4F7556}") = "EAU.Net.Http", "EAU.Net.Http\EAU.Net.Http.csproj", "{5AE5E88C-3D25-4D2C-996A-89653958EE0B}"
EndProject
Project("{9A19103F-16F7-4668-BE54-9A1E7A4F7556}") = "EAU.Services", "EAU.Services\EAU.Services.csproj", "{98BA01F9-1413-45C6-9E1E-598DCAA918FA}"
EndProject
Project("{9A19103F-16F7-4668-BE54-9A1E7A4F7556}") = "EAU.Web.IdentityServer", "EAU.Web.IdentityServer\EAU.Web.IdentityServer.csproj", "{69B1B062-393D-4E85-A6D5-4C92B615F8C5}"
EndProject
Project("{9A19103F-16F7-4668-BE54-9A1E7A4F7556}") = "EAU.Emails", "EAU.Emails\EAU.Emails.csproj", "{2F24774E-9AFF-48C8-9214-783C5CC1EEDF}"
EndProject
Project("{9A19103F-16F7-4668-BE54-9A1E7A4F7556}") = "EAU.Users", "EAU.Users\EAU.Users.csproj", "{E8AB469A-A7A4-4D6F-B79A-C3B31B04725B}"
EndProject
Project("{9A19103F-16F7-4668-BE54-9A1E7A4F7556}") = "EAU.Emails.Service", "EAU.Emails.Service\EAU.Emails.Service.csproj", "{B44749BF-6FF7-4EC8-B07F-E9C660A9F3E6}"
EndProject
Project("{2150E333-8FDC-42A3-9474-1A3956D46DE8}") = "DB", "DB", "{95C35B71-661F-4BFA-876B-D9F791644869}"
EndProject
Project("{00D1A9C2-B5F0-4AF3-8072-F6C62B433612}") = "EAU", "DB\EAU\EAU.sqlproj", "{A11B577E-5EE7-497C-AC11-106E9A18E911}"
EndProject
Project("{00D1A9C2-B5F0-4AF3-8072-F6C62B433612}") = "EAU_IDSRV", "DB\EAU_IDSRV\EAU_IDSRV.sqlproj", "{333EF982-0F55-408B-B059-C35C1AB511C6}"
EndProject
Project("{9A19103F-16F7-4668-BE54-9A1E7A4F7556}") = "EAU.ServiceLimits.Server.Manager", "EAU.ServiceLimits.Server.Manager\EAU.ServiceLimits.Server.Manager.csproj", "{315B7DA4-E307-4D84-AD7E-C633A9B50881}"
EndProject
Project("{9A19103F-16F7-4668-BE54-9A1E7A4F7556}") = "EAU.ServiceLimits.AspNetCore", "EAU.ServiceLimits.AspNetCore\EAU.ServiceLimits.AspNetCore.csproj", "{7BAFD6DE-F3AC-43FE-9863-5C0C3C1BE856}"
EndProject
Project("{9A19103F-16F7-4668-BE54-9A1E7A4F7556}") = "EAU.Signing", "EAU.Signing\EAU.Signing.csproj", "{01B4531D-18BD-4508-B694-1FAA2280E559}"
EndProject
Project("{9A19103F-16F7-4668-BE54-9A1E7A4F7556}") = "EAU.Web.NRA.IdentitySimulator", "EAU.Web.NRA.IdentitySimulator\EAU.Web.NRA.IdentitySimulator.csproj", "{AA192FA4-0A3B-4610-957E-E36DA078DA33}"
EndProject
Project("{9A19103F-16F7-4668-BE54-9A1E7A4F7556}") = "EAU.Payments", "EAU.Payments\EAU.Payments.csproj", "{B8482474-63C5-4B3B-915F-8E69C370363B}"
EndProject
Project("{9A19103F-16F7-4668-BE54-9A1E7A4F7556}") = "EAU.DirectoryServices", "EAU.DirectoryServices\EAU.DirectoryServices.csproj", "{9EE3AD53-D57D-44E7-8DF3-38A9D9AE4ED2}"
EndProject
Project("{9A19103F-16F7-4668-BE54-9A1E7A4F7556}") = "EAU.BDS.Documents", "Documents\EAU.BDS.Documents\EAU.BDS.Documents.csproj", "{31094942-454E-4C39-90FC-E0E08D6BA03C}"
EndProject
Project("{9A19103F-16F7-4668-BE54-9A1E7A4F7556}") = "EAU.Migr.Documents", "Documents\EAU.Migr.Documents\EAU.Migr.Documents.csproj", "{CF3F3FEA-B552-4731-90A6-EFA952FBAFFD}"
EndProject
Project("{9A19103F-16F7-4668-BE54-9A1E7A4F7556}") = "EAU.Migr.Documents.Domain", "Documents\EAU.Migr.Documents.Domain\EAU.Migr.Documents.Domain.csproj", "{826BB3CB-5076-486F-B42C-CF0A4B07B9DD}"
EndProject
Project("{9A19103F-16F7-4668-BE54-9A1E7A4F7556}") = "EAU.KOS.Documents", "Documents\EAU.KOS.Documents\EAU.KOS.Documents.csproj", "{96706992-7577-47F3-9FB1-5DB9798B82F9}"
EndProject
Project("{9A19103F-16F7-4668-BE54-9A1E7A4F7556}") = "EAU.KOS.Documents.Domain", "Documents\EAU.KOS.Documents.Domain\EAU.KOS.Documents.Domain.csproj", "{7CF880D7-5F87-405D-B078-6614E2313646}"
EndProject
Project("{9A19103F-16F7-4668-BE54-9A1E7A4F7556}") = "EAU.COD.Documents", "Documents\EAU.COD.Documents\EAU.COD.Documents.csproj", "{D5CD0FAA-375B-4C18-94D2-CFD8584C90FF}"
EndProject
Project("{9A19103F-16F7-4668-BE54-9A1E7A4F7556}") = "EAU.Web.Api.Private", "EAU.Web.Api.Private\EAU.Web.Api.Private.csproj", "{25E6FDF9-9D7C-4A2C-8A0D-A08A6A74D1E4}"
EndProject
Project("{9A19103F-16F7-4668-BE54-9A1E7A4F7556}") = "EAU.Rebus", "EAU.Rebus\EAU.Rebus.csproj", "{9A3F4942-BFE2-4286-8798-718E8A4093DB}"
EndProject
Project("{FAE04EC0-301F-11D3-BF4B-00C04F79EFBC}") = "EAU.PBZN.Documents", "Documents\EAU.PBZN.Documents\EAU.PBZN.Documents.csproj", "{43C366C1-F602-4960-92EF-A988CFD91247}"
EndProject
Project("{FAE04EC0-301F-11D3-BF4B-00C04F79EFBC}") = "EAU.PBZN.Documents.Domain", "Documents\EAU.PBZN.Documents.Domain\EAU.PBZN.Documents.Domain.csproj", "{9BF03209-F397-4A4F-8117-70FC511535F2}"
EndProject
Global
	GlobalSection(SolutionConfigurationPlatforms) = preSolution
		Debug|Any CPU = Debug|Any CPU
		Release|Any CPU = Release|Any CPU
	EndGlobalSection
	GlobalSection(ProjectConfigurationPlatforms) = postSolution
		{DC5D2AF9-159D-4AE2-9D73-F787E828B28A}.Debug|Any CPU.ActiveCfg = Debug|Any CPU
		{DC5D2AF9-159D-4AE2-9D73-F787E828B28A}.Debug|Any CPU.Build.0 = Debug|Any CPU
		{DC5D2AF9-159D-4AE2-9D73-F787E828B28A}.Release|Any CPU.ActiveCfg = Release|Any CPU
		{DC5D2AF9-159D-4AE2-9D73-F787E828B28A}.Release|Any CPU.Build.0 = Release|Any CPU
		{6F20B4E8-CD1D-4062-9486-D04F99268C3A}.Debug|Any CPU.ActiveCfg = Debug|Any CPU
		{6F20B4E8-CD1D-4062-9486-D04F99268C3A}.Debug|Any CPU.Build.0 = Debug|Any CPU
		{6F20B4E8-CD1D-4062-9486-D04F99268C3A}.Release|Any CPU.ActiveCfg = Release|Any CPU
		{6F20B4E8-CD1D-4062-9486-D04F99268C3A}.Release|Any CPU.Build.0 = Release|Any CPU
		{7824D4D5-346E-46E5-ADAA-460D193AE381}.Debug|Any CPU.ActiveCfg = Debug|Any CPU
		{7824D4D5-346E-46E5-ADAA-460D193AE381}.Debug|Any CPU.Build.0 = Debug|Any CPU
		{7824D4D5-346E-46E5-ADAA-460D193AE381}.Release|Any CPU.ActiveCfg = Release|Any CPU
		{7824D4D5-346E-46E5-ADAA-460D193AE381}.Release|Any CPU.Build.0 = Release|Any CPU
		{1DEF618E-A212-4884-9402-803D0017D868}.Debug|Any CPU.ActiveCfg = Debug|Any CPU
		{1DEF618E-A212-4884-9402-803D0017D868}.Debug|Any CPU.Build.0 = Debug|Any CPU
		{1DEF618E-A212-4884-9402-803D0017D868}.Release|Any CPU.ActiveCfg = Release|Any CPU
		{1DEF618E-A212-4884-9402-803D0017D868}.Release|Any CPU.Build.0 = Release|Any CPU
		{E947C732-9E17-4290-B4DD-AD914BDA6C9A}.Debug|Any CPU.ActiveCfg = Debug|Any CPU
		{E947C732-9E17-4290-B4DD-AD914BDA6C9A}.Debug|Any CPU.Build.0 = Debug|Any CPU
		{E947C732-9E17-4290-B4DD-AD914BDA6C9A}.Release|Any CPU.ActiveCfg = Release|Any CPU
		{E947C732-9E17-4290-B4DD-AD914BDA6C9A}.Release|Any CPU.Build.0 = Release|Any CPU
		{5A2AFF83-B7D2-40E7-8B21-3DFCF446EE9E}.Debug|Any CPU.ActiveCfg = Debug|Any CPU
		{5A2AFF83-B7D2-40E7-8B21-3DFCF446EE9E}.Debug|Any CPU.Build.0 = Debug|Any CPU
		{5A2AFF83-B7D2-40E7-8B21-3DFCF446EE9E}.Release|Any CPU.ActiveCfg = Release|Any CPU
		{5A2AFF83-B7D2-40E7-8B21-3DFCF446EE9E}.Release|Any CPU.Build.0 = Release|Any CPU
		{C20D713A-D615-4ECC-9D00-E5A0832A6AE3}.Debug|Any CPU.ActiveCfg = Debug|Any CPU
		{C20D713A-D615-4ECC-9D00-E5A0832A6AE3}.Debug|Any CPU.Build.0 = Debug|Any CPU
		{C20D713A-D615-4ECC-9D00-E5A0832A6AE3}.Release|Any CPU.ActiveCfg = Release|Any CPU
		{C20D713A-D615-4ECC-9D00-E5A0832A6AE3}.Release|Any CPU.Build.0 = Release|Any CPU
		{5BD65DE0-1012-4AD8-9A08-F478650903FD}.Debug|Any CPU.ActiveCfg = Debug|Any CPU
		{5BD65DE0-1012-4AD8-9A08-F478650903FD}.Debug|Any CPU.Build.0 = Debug|Any CPU
		{5BD65DE0-1012-4AD8-9A08-F478650903FD}.Release|Any CPU.ActiveCfg = Release|Any CPU
		{5BD65DE0-1012-4AD8-9A08-F478650903FD}.Release|Any CPU.Build.0 = Release|Any CPU
		{9E4B040D-3A85-4E90-8AEB-A259E2C4D64C}.Debug|Any CPU.ActiveCfg = Debug|Any CPU
		{9E4B040D-3A85-4E90-8AEB-A259E2C4D64C}.Debug|Any CPU.Build.0 = Debug|Any CPU
		{9E4B040D-3A85-4E90-8AEB-A259E2C4D64C}.Release|Any CPU.ActiveCfg = Release|Any CPU
		{9E4B040D-3A85-4E90-8AEB-A259E2C4D64C}.Release|Any CPU.Build.0 = Release|Any CPU
		{AB58F725-D88F-4BBC-AC4A-F8BA0AE3EAF2}.Debug|Any CPU.ActiveCfg = Debug|Any CPU
		{AB58F725-D88F-4BBC-AC4A-F8BA0AE3EAF2}.Debug|Any CPU.Build.0 = Debug|Any CPU
		{AB58F725-D88F-4BBC-AC4A-F8BA0AE3EAF2}.Release|Any CPU.ActiveCfg = Release|Any CPU
		{AB58F725-D88F-4BBC-AC4A-F8BA0AE3EAF2}.Release|Any CPU.Build.0 = Release|Any CPU
		{319DE56C-79B4-451B-BA7B-81B1396C6B14}.Debug|Any CPU.ActiveCfg = Debug|Any CPU
		{319DE56C-79B4-451B-BA7B-81B1396C6B14}.Debug|Any CPU.Build.0 = Debug|Any CPU
		{319DE56C-79B4-451B-BA7B-81B1396C6B14}.Release|Any CPU.ActiveCfg = Release|Any CPU
		{319DE56C-79B4-451B-BA7B-81B1396C6B14}.Release|Any CPU.Build.0 = Release|Any CPU
		{766C3A2E-EE2E-449F-9E97-C5C830E30AFA}.Debug|Any CPU.ActiveCfg = Debug|Any CPU
		{766C3A2E-EE2E-449F-9E97-C5C830E30AFA}.Debug|Any CPU.Build.0 = Debug|Any CPU
		{766C3A2E-EE2E-449F-9E97-C5C830E30AFA}.Release|Any CPU.ActiveCfg = Release|Any CPU
		{766C3A2E-EE2E-449F-9E97-C5C830E30AFA}.Release|Any CPU.Build.0 = Release|Any CPU
		{5AE5E88C-3D25-4D2C-996A-89653958EE0B}.Debug|Any CPU.ActiveCfg = Debug|Any CPU
		{5AE5E88C-3D25-4D2C-996A-89653958EE0B}.Debug|Any CPU.Build.0 = Debug|Any CPU
		{5AE5E88C-3D25-4D2C-996A-89653958EE0B}.Release|Any CPU.ActiveCfg = Release|Any CPU
		{5AE5E88C-3D25-4D2C-996A-89653958EE0B}.Release|Any CPU.Build.0 = Release|Any CPU
		{98BA01F9-1413-45C6-9E1E-598DCAA918FA}.Debug|Any CPU.ActiveCfg = Debug|Any CPU
		{98BA01F9-1413-45C6-9E1E-598DCAA918FA}.Debug|Any CPU.Build.0 = Debug|Any CPU
		{98BA01F9-1413-45C6-9E1E-598DCAA918FA}.Release|Any CPU.ActiveCfg = Release|Any CPU
		{98BA01F9-1413-45C6-9E1E-598DCAA918FA}.Release|Any CPU.Build.0 = Release|Any CPU
		{69B1B062-393D-4E85-A6D5-4C92B615F8C5}.Debug|Any CPU.ActiveCfg = Debug|Any CPU
		{69B1B062-393D-4E85-A6D5-4C92B615F8C5}.Debug|Any CPU.Build.0 = Debug|Any CPU
		{69B1B062-393D-4E85-A6D5-4C92B615F8C5}.Release|Any CPU.ActiveCfg = Release|Any CPU
		{69B1B062-393D-4E85-A6D5-4C92B615F8C5}.Release|Any CPU.Build.0 = Release|Any CPU
		{2F24774E-9AFF-48C8-9214-783C5CC1EEDF}.Debug|Any CPU.ActiveCfg = Debug|Any CPU
		{2F24774E-9AFF-48C8-9214-783C5CC1EEDF}.Debug|Any CPU.Build.0 = Debug|Any CPU
		{2F24774E-9AFF-48C8-9214-783C5CC1EEDF}.Release|Any CPU.ActiveCfg = Release|Any CPU
		{2F24774E-9AFF-48C8-9214-783C5CC1EEDF}.Release|Any CPU.Build.0 = Release|Any CPU
		{E8AB469A-A7A4-4D6F-B79A-C3B31B04725B}.Debug|Any CPU.ActiveCfg = Debug|Any CPU
		{E8AB469A-A7A4-4D6F-B79A-C3B31B04725B}.Debug|Any CPU.Build.0 = Debug|Any CPU
		{E8AB469A-A7A4-4D6F-B79A-C3B31B04725B}.Release|Any CPU.ActiveCfg = Release|Any CPU
		{E8AB469A-A7A4-4D6F-B79A-C3B31B04725B}.Release|Any CPU.Build.0 = Release|Any CPU
		{B44749BF-6FF7-4EC8-B07F-E9C660A9F3E6}.Debug|Any CPU.ActiveCfg = Debug|Any CPU
		{B44749BF-6FF7-4EC8-B07F-E9C660A9F3E6}.Debug|Any CPU.Build.0 = Debug|Any CPU
		{B44749BF-6FF7-4EC8-B07F-E9C660A9F3E6}.Release|Any CPU.ActiveCfg = Release|Any CPU
		{B44749BF-6FF7-4EC8-B07F-E9C660A9F3E6}.Release|Any CPU.Build.0 = Release|Any CPU
		{A11B577E-5EE7-497C-AC11-106E9A18E911}.Debug|Any CPU.ActiveCfg = Debug|Any CPU
		{A11B577E-5EE7-497C-AC11-106E9A18E911}.Debug|Any CPU.Build.0 = Debug|Any CPU
		{A11B577E-5EE7-497C-AC11-106E9A18E911}.Debug|Any CPU.Deploy.0 = Debug|Any CPU
		{A11B577E-5EE7-497C-AC11-106E9A18E911}.Release|Any CPU.ActiveCfg = Release|Any CPU
		{A11B577E-5EE7-497C-AC11-106E9A18E911}.Release|Any CPU.Build.0 = Release|Any CPU
		{A11B577E-5EE7-497C-AC11-106E9A18E911}.Release|Any CPU.Deploy.0 = Release|Any CPU
		{333EF982-0F55-408B-B059-C35C1AB511C6}.Debug|Any CPU.ActiveCfg = Debug|Any CPU
		{333EF982-0F55-408B-B059-C35C1AB511C6}.Debug|Any CPU.Build.0 = Debug|Any CPU
		{333EF982-0F55-408B-B059-C35C1AB511C6}.Debug|Any CPU.Deploy.0 = Debug|Any CPU
		{333EF982-0F55-408B-B059-C35C1AB511C6}.Release|Any CPU.ActiveCfg = Release|Any CPU
		{333EF982-0F55-408B-B059-C35C1AB511C6}.Release|Any CPU.Build.0 = Release|Any CPU
		{333EF982-0F55-408B-B059-C35C1AB511C6}.Release|Any CPU.Deploy.0 = Release|Any CPU
		{315B7DA4-E307-4D84-AD7E-C633A9B50881}.Debug|Any CPU.ActiveCfg = Debug|Any CPU
		{315B7DA4-E307-4D84-AD7E-C633A9B50881}.Debug|Any CPU.Build.0 = Debug|Any CPU
		{315B7DA4-E307-4D84-AD7E-C633A9B50881}.Release|Any CPU.ActiveCfg = Release|Any CPU
		{315B7DA4-E307-4D84-AD7E-C633A9B50881}.Release|Any CPU.Build.0 = Release|Any CPU
		{7BAFD6DE-F3AC-43FE-9863-5C0C3C1BE856}.Debug|Any CPU.ActiveCfg = Debug|Any CPU
		{7BAFD6DE-F3AC-43FE-9863-5C0C3C1BE856}.Debug|Any CPU.Build.0 = Debug|Any CPU
		{7BAFD6DE-F3AC-43FE-9863-5C0C3C1BE856}.Release|Any CPU.ActiveCfg = Release|Any CPU
		{7BAFD6DE-F3AC-43FE-9863-5C0C3C1BE856}.Release|Any CPU.Build.0 = Release|Any CPU
		{01B4531D-18BD-4508-B694-1FAA2280E559}.Debug|Any CPU.ActiveCfg = Debug|Any CPU
		{01B4531D-18BD-4508-B694-1FAA2280E559}.Debug|Any CPU.Build.0 = Debug|Any CPU
		{01B4531D-18BD-4508-B694-1FAA2280E559}.Release|Any CPU.ActiveCfg = Release|Any CPU
		{01B4531D-18BD-4508-B694-1FAA2280E559}.Release|Any CPU.Build.0 = Release|Any CPU
		{AA192FA4-0A3B-4610-957E-E36DA078DA33}.Debug|Any CPU.ActiveCfg = Debug|Any CPU
		{AA192FA4-0A3B-4610-957E-E36DA078DA33}.Debug|Any CPU.Build.0 = Debug|Any CPU
		{AA192FA4-0A3B-4610-957E-E36DA078DA33}.Release|Any CPU.ActiveCfg = Release|Any CPU
		{AA192FA4-0A3B-4610-957E-E36DA078DA33}.Release|Any CPU.Build.0 = Release|Any CPU
		{B8482474-63C5-4B3B-915F-8E69C370363B}.Debug|Any CPU.ActiveCfg = Debug|Any CPU
		{B8482474-63C5-4B3B-915F-8E69C370363B}.Debug|Any CPU.Build.0 = Debug|Any CPU
		{B8482474-63C5-4B3B-915F-8E69C370363B}.Release|Any CPU.ActiveCfg = Release|Any CPU
		{B8482474-63C5-4B3B-915F-8E69C370363B}.Release|Any CPU.Build.0 = Release|Any CPU
		{9EE3AD53-D57D-44E7-8DF3-38A9D9AE4ED2}.Debug|Any CPU.ActiveCfg = Debug|Any CPU
		{9EE3AD53-D57D-44E7-8DF3-38A9D9AE4ED2}.Debug|Any CPU.Build.0 = Debug|Any CPU
		{9EE3AD53-D57D-44E7-8DF3-38A9D9AE4ED2}.Release|Any CPU.ActiveCfg = Release|Any CPU
		{9EE3AD53-D57D-44E7-8DF3-38A9D9AE4ED2}.Release|Any CPU.Build.0 = Release|Any CPU
		{31094942-454E-4C39-90FC-E0E08D6BA03C}.Debug|Any CPU.ActiveCfg = Debug|Any CPU
		{31094942-454E-4C39-90FC-E0E08D6BA03C}.Debug|Any CPU.Build.0 = Debug|Any CPU
		{31094942-454E-4C39-90FC-E0E08D6BA03C}.Release|Any CPU.ActiveCfg = Release|Any CPU
		{31094942-454E-4C39-90FC-E0E08D6BA03C}.Release|Any CPU.Build.0 = Release|Any CPU
		{CF3F3FEA-B552-4731-90A6-EFA952FBAFFD}.Debug|Any CPU.ActiveCfg = Debug|Any CPU
		{CF3F3FEA-B552-4731-90A6-EFA952FBAFFD}.Debug|Any CPU.Build.0 = Debug|Any CPU
		{CF3F3FEA-B552-4731-90A6-EFA952FBAFFD}.Release|Any CPU.ActiveCfg = Release|Any CPU
		{CF3F3FEA-B552-4731-90A6-EFA952FBAFFD}.Release|Any CPU.Build.0 = Release|Any CPU
		{826BB3CB-5076-486F-B42C-CF0A4B07B9DD}.Debug|Any CPU.ActiveCfg = Debug|Any CPU
		{826BB3CB-5076-486F-B42C-CF0A4B07B9DD}.Debug|Any CPU.Build.0 = Debug|Any CPU
		{826BB3CB-5076-486F-B42C-CF0A4B07B9DD}.Release|Any CPU.ActiveCfg = Release|Any CPU
		{826BB3CB-5076-486F-B42C-CF0A4B07B9DD}.Release|Any CPU.Build.0 = Release|Any CPU
		{96706992-7577-47F3-9FB1-5DB9798B82F9}.Debug|Any CPU.ActiveCfg = Debug|Any CPU
		{96706992-7577-47F3-9FB1-5DB9798B82F9}.Debug|Any CPU.Build.0 = Debug|Any CPU
		{96706992-7577-47F3-9FB1-5DB9798B82F9}.Release|Any CPU.ActiveCfg = Release|Any CPU
		{96706992-7577-47F3-9FB1-5DB9798B82F9}.Release|Any CPU.Build.0 = Release|Any CPU
		{7CF880D7-5F87-405D-B078-6614E2313646}.Debug|Any CPU.ActiveCfg = Debug|Any CPU
		{7CF880D7-5F87-405D-B078-6614E2313646}.Debug|Any CPU.Build.0 = Debug|Any CPU
		{7CF880D7-5F87-405D-B078-6614E2313646}.Release|Any CPU.ActiveCfg = Release|Any CPU
		{7CF880D7-5F87-405D-B078-6614E2313646}.Release|Any CPU.Build.0 = Release|Any CPU
		{D5CD0FAA-375B-4C18-94D2-CFD8584C90FF}.Debug|Any CPU.ActiveCfg = Debug|Any CPU
		{D5CD0FAA-375B-4C18-94D2-CFD8584C90FF}.Debug|Any CPU.Build.0 = Debug|Any CPU
		{D5CD0FAA-375B-4C18-94D2-CFD8584C90FF}.Release|Any CPU.ActiveCfg = Release|Any CPU
		{D5CD0FAA-375B-4C18-94D2-CFD8584C90FF}.Release|Any CPU.Build.0 = Release|Any CPU
		{25E6FDF9-9D7C-4A2C-8A0D-A08A6A74D1E4}.Debug|Any CPU.ActiveCfg = Debug|Any CPU
		{25E6FDF9-9D7C-4A2C-8A0D-A08A6A74D1E4}.Debug|Any CPU.Build.0 = Debug|Any CPU
		{25E6FDF9-9D7C-4A2C-8A0D-A08A6A74D1E4}.Release|Any CPU.ActiveCfg = Release|Any CPU
		{25E6FDF9-9D7C-4A2C-8A0D-A08A6A74D1E4}.Release|Any CPU.Build.0 = Release|Any CPU
		{9A3F4942-BFE2-4286-8798-718E8A4093DB}.Debug|Any CPU.ActiveCfg = Debug|Any CPU
		{9A3F4942-BFE2-4286-8798-718E8A4093DB}.Debug|Any CPU.Build.0 = Debug|Any CPU
		{9A3F4942-BFE2-4286-8798-718E8A4093DB}.Release|Any CPU.ActiveCfg = Release|Any CPU
		{9A3F4942-BFE2-4286-8798-718E8A4093DB}.Release|Any CPU.Build.0 = Release|Any CPU
		{43C366C1-F602-4960-92EF-A988CFD91247}.Debug|Any CPU.ActiveCfg = Debug|Any CPU
		{43C366C1-F602-4960-92EF-A988CFD91247}.Debug|Any CPU.Build.0 = Debug|Any CPU
		{43C366C1-F602-4960-92EF-A988CFD91247}.Release|Any CPU.ActiveCfg = Release|Any CPU
		{43C366C1-F602-4960-92EF-A988CFD91247}.Release|Any CPU.Build.0 = Release|Any CPU
		{9BF03209-F397-4A4F-8117-70FC511535F2}.Debug|Any CPU.ActiveCfg = Debug|Any CPU
		{9BF03209-F397-4A4F-8117-70FC511535F2}.Debug|Any CPU.Build.0 = Debug|Any CPU
		{9BF03209-F397-4A4F-8117-70FC511535F2}.Release|Any CPU.ActiveCfg = Release|Any CPU
		{9BF03209-F397-4A4F-8117-70FC511535F2}.Release|Any CPU.Build.0 = Release|Any CPU
	EndGlobalSection
	GlobalSection(SolutionProperties) = preSolution
		HideSolutionNode = FALSE
	EndGlobalSection
	GlobalSection(NestedProjects) = preSolution
		{5A2AFF83-B7D2-40E7-8B21-3DFCF446EE9E} = {AB992720-87C5-4895-8DE5-B0E788E4FB43}
		{C20D713A-D615-4ECC-9D00-E5A0832A6AE3} = {AB992720-87C5-4895-8DE5-B0E788E4FB43}
		{9E4B040D-3A85-4E90-8AEB-A259E2C4D64C} = {AB992720-87C5-4895-8DE5-B0E788E4FB43}
		{AB58F725-D88F-4BBC-AC4A-F8BA0AE3EAF2} = {AB992720-87C5-4895-8DE5-B0E788E4FB43}
		{319DE56C-79B4-451B-BA7B-81B1396C6B14} = {AB992720-87C5-4895-8DE5-B0E788E4FB43}
		{766C3A2E-EE2E-449F-9E97-C5C830E30AFA} = {AB992720-87C5-4895-8DE5-B0E788E4FB43}
		{A11B577E-5EE7-497C-AC11-106E9A18E911} = {95C35B71-661F-4BFA-876B-D9F791644869}
		{333EF982-0F55-408B-B059-C35C1AB511C6} = {95C35B71-661F-4BFA-876B-D9F791644869}
		{31094942-454E-4C39-90FC-E0E08D6BA03C} = {AB992720-87C5-4895-8DE5-B0E788E4FB43}
		{CF3F3FEA-B552-4731-90A6-EFA952FBAFFD} = {AB992720-87C5-4895-8DE5-B0E788E4FB43}
		{826BB3CB-5076-486F-B42C-CF0A4B07B9DD} = {AB992720-87C5-4895-8DE5-B0E788E4FB43}
		{96706992-7577-47F3-9FB1-5DB9798B82F9} = {AB992720-87C5-4895-8DE5-B0E788E4FB43}
		{7CF880D7-5F87-405D-B078-6614E2313646} = {AB992720-87C5-4895-8DE5-B0E788E4FB43}
		{D5CD0FAA-375B-4C18-94D2-CFD8584C90FF} = {AB992720-87C5-4895-8DE5-B0E788E4FB43}
		{43C366C1-F602-4960-92EF-A988CFD91247} = {AB992720-87C5-4895-8DE5-B0E788E4FB43}
		{9BF03209-F397-4A4F-8117-70FC511535F2} = {AB992720-87C5-4895-8DE5-B0E788E4FB43}
	EndGlobalSection
	GlobalSection(ExtensibilityGlobals) = postSolution
		SolutionGuid = {AA1BBFCE-AE7C-4E07-8119-BCA48F50A516}
	EndGlobalSection
EndGlobal
